// !$*UTF8*$!
{
	archiveVersion = 1;
	classes = {
	};
	objectVersion = 50;
	objects = {

/* Begin PBXBuildFile section */
		E440519D2131081200EA1957 /* biteSound.aiff in Resources */ = {isa = PBXBuildFile; fileRef = E440519C2131081200EA1957 /* biteSound.aiff */; };
		E440519F2131094A00EA1957 /* biteSound2.wav in Resources */ = {isa = PBXBuildFile; fileRef = E440519E2131094A00EA1957 /* biteSound2.wav */; };
		E440530B212243F50075E951 /* Endgame.swift in Sources */ = {isa = PBXBuildFile; fileRef = E440530A212243F50075E951 /* Endgame.swift */; };
		E440531B2122AC710075E951 /* diverSplash.mp3 in Resources */ = {isa = PBXBuildFile; fileRef = E44053182122AC710075E951 /* diverSplash.mp3 */; };
		E440531C2122AC710075E951 /* ding.wav in Resources */ = {isa = PBXBuildFile; fileRef = E44053192122AC710075E951 /* ding.wav */; };
		E440531D2122AC710075E951 /* buzz.wav in Resources */ = {isa = PBXBuildFile; fileRef = E440531A2122AC710075E951 /* buzz.wav */; };
		E48DB9502120F1E3008BA0B0 /* dpcomic.ttf in Resources */ = {isa = PBXBuildFile; fileRef = E48DB94F2120F1E3008BA0B0 /* dpcomic.ttf */; };
		E4DD9EE42116A2B60029301A /* AppDelegate.swift in Sources */ = {isa = PBXBuildFile; fileRef = E4DD9EE32116A2B60029301A /* AppDelegate.swift */; };
		E4DD9EE62116A2B60029301A /* GameScene.sks in Resources */ = {isa = PBXBuildFile; fileRef = E4DD9EE52116A2B60029301A /* GameScene.sks */; };
		E4DD9EEA2116A2B60029301A /* GameScene.swift in Sources */ = {isa = PBXBuildFile; fileRef = E4DD9EE92116A2B60029301A /* GameScene.swift */; };
		E4DD9EEC2116A2B60029301A /* GameViewController.swift in Sources */ = {isa = PBXBuildFile; fileRef = E4DD9EEB2116A2B60029301A /* GameViewController.swift */; };
		E4DD9EEF2116A2B60029301A /* Main.storyboard in Resources */ = {isa = PBXBuildFile; fileRef = E4DD9EED2116A2B60029301A /* Main.storyboard */; };
		E4DD9EF12116A2B80029301A /* Assets.xcassets in Resources */ = {isa = PBXBuildFile; fileRef = E4DD9EF02116A2B80029301A /* Assets.xcassets */; };
		E4DD9EF42116A2B80029301A /* LaunchScreen.storyboard in Resources */ = {isa = PBXBuildFile; fileRef = E4DD9EF22116A2B80029301A /* LaunchScreen.storyboard */; };
		F0127D157CB9AF308094DBC1 /* Pods_No_Poop_No_Life.framework in Frameworks */ = {isa = PBXBuildFile; fileRef = 819D8D4DFB3DC03AA4C64500 /* Pods_No_Poop_No_Life.framework */; };
/* End PBXBuildFile section */

/* Begin PBXFileReference section */
		819D8D4DFB3DC03AA4C64500 /* Pods_No_Poop_No_Life.framework */ = {isa = PBXFileReference; explicitFileType = wrapper.framework; includeInIndex = 0; path = Pods_No_Poop_No_Life.framework; sourceTree = BUILT_PRODUCTS_DIR; };
		C35C0711E33C4E2EAC28D6E8 /* Pods-No Poop No Life.release.xcconfig */ = {isa = PBXFileReference; includeInIndex = 1; lastKnownFileType = text.xcconfig; name = "Pods-No Poop No Life.release.xcconfig"; path = "Pods/Target Support Files/Pods-No Poop No Life/Pods-No Poop No Life.release.xcconfig"; sourceTree = "<group>"; };
		CF4BC2464F2953F3AFBDD57F /* Pods-No Poop No Life.debug.xcconfig */ = {isa = PBXFileReference; includeInIndex = 1; lastKnownFileType = text.xcconfig; name = "Pods-No Poop No Life.debug.xcconfig"; path = "Pods/Target Support Files/Pods-No Poop No Life/Pods-No Poop No Life.debug.xcconfig"; sourceTree = "<group>"; };
		E440519C2131081200EA1957 /* biteSound.aiff */ = {isa = PBXFileReference; lastKnownFileType = audio.aiff; path = biteSound.aiff; sourceTree = "<group>"; };
		E440519E2131094A00EA1957 /* biteSound2.wav */ = {isa = PBXFileReference; lastKnownFileType = audio.wav; path = biteSound2.wav; sourceTree = "<group>"; };
		E440530A212243F50075E951 /* Endgame.swift */ = {isa = PBXFileReference; lastKnownFileType = sourcecode.swift; path = Endgame.swift; sourceTree = "<group>"; };
		E44053182122AC710075E951 /* diverSplash.mp3 */ = {isa = PBXFileReference; lastKnownFileType = audio.mp3; path = diverSplash.mp3; sourceTree = "<group>"; };
		E44053192122AC710075E951 /* ding.wav */ = {isa = PBXFileReference; lastKnownFileType = audio.wav; path = ding.wav; sourceTree = "<group>"; };
		E440531A2122AC710075E951 /* buzz.wav */ = {isa = PBXFileReference; lastKnownFileType = audio.wav; path = buzz.wav; sourceTree = "<group>"; };
		E48DB94F2120F1E3008BA0B0 /* dpcomic.ttf */ = {isa = PBXFileReference; lastKnownFileType = file; path = dpcomic.ttf; sourceTree = "<group>"; };
		E4DD9EE02116A2B60029301A /* No Poop No Life.app */ = {isa = PBXFileReference; explicitFileType = wrapper.application; includeInIndex = 0; path = "No Poop No Life.app"; sourceTree = BUILT_PRODUCTS_DIR; };
		E4DD9EE32116A2B60029301A /* AppDelegate.swift */ = {isa = PBXFileReference; lastKnownFileType = sourcecode.swift; path = AppDelegate.swift; sourceTree = "<group>"; };
		E4DD9EE52116A2B60029301A /* GameScene.sks */ = {isa = PBXFileReference; lastKnownFileType = file.sks; path = GameScene.sks; sourceTree = "<group>"; };
		E4DD9EE92116A2B60029301A /* GameScene.swift */ = {isa = PBXFileReference; lastKnownFileType = sourcecode.swift; path = GameScene.swift; sourceTree = "<group>"; };
		E4DD9EEB2116A2B60029301A /* GameViewController.swift */ = {isa = PBXFileReference; lastKnownFileType = sourcecode.swift; path = GameViewController.swift; sourceTree = "<group>"; };
		E4DD9EEE2116A2B60029301A /* Base */ = {isa = PBXFileReference; lastKnownFileType = file.storyboard; name = Base; path = Base.lproj/Main.storyboard; sourceTree = "<group>"; };
		E4DD9EF02116A2B80029301A /* Assets.xcassets */ = {isa = PBXFileReference; lastKnownFileType = folder.assetcatalog; path = Assets.xcassets; sourceTree = "<group>"; };
		E4DD9EF32116A2B80029301A /* Base */ = {isa = PBXFileReference; lastKnownFileType = file.storyboard; name = Base; path = Base.lproj/LaunchScreen.storyboard; sourceTree = "<group>"; };
		E4DD9EF52116A2B80029301A /* Info.plist */ = {isa = PBXFileReference; lastKnownFileType = text.plist.xml; path = Info.plist; sourceTree = "<group>"; };
/* End PBXFileReference section */

/* Begin PBXFrameworksBuildPhase section */
		E4DD9EDD2116A2B60029301A /* Frameworks */ = {
			isa = PBXFrameworksBuildPhase;
			buildActionMask = 2147483647;
			files = (
				F0127D157CB9AF308094DBC1 /* Pods_No_Poop_No_Life.framework in Frameworks */,
			);
			runOnlyForDeploymentPostprocessing = 0;
		};
/* End PBXFrameworksBuildPhase section */

/* Begin PBXGroup section */
		B997A23C12310FCA7BCE4617 /* Frameworks */ = {
			isa = PBXGroup;
			children = (
				819D8D4DFB3DC03AA4C64500 /* Pods_No_Poop_No_Life.framework */,
			);
			name = Frameworks;
			sourceTree = "<group>";
		};
		C21D686974E40C5520CEB7A7 /* Pods */ = {
			isa = PBXGroup;
			children = (
				CF4BC2464F2953F3AFBDD57F /* Pods-No Poop No Life.debug.xcconfig */,
				C35C0711E33C4E2EAC28D6E8 /* Pods-No Poop No Life.release.xcconfig */,
			);
			name = Pods;
			sourceTree = "<group>";
		};
		E44053152122997A0075E951 /* Sounds */ = {
			isa = PBXGroup;
			children = (
				E440519E2131094A00EA1957 /* biteSound2.wav */,
				E440519C2131081200EA1957 /* biteSound.aiff */,
				E440531A2122AC710075E951 /* buzz.wav */,
				E44053192122AC710075E951 /* ding.wav */,
				E44053182122AC710075E951 /* diverSplash.mp3 */,
			);
			path = Sounds;
			sourceTree = "<group>";
		};
		E4DD9ED72116A2B60029301A = {
			isa = PBXGroup;
			children = (
				E4DD9EE22116A2B60029301A /* No Poop No Life */,
				E4DD9EE12116A2B60029301A /* Products */,
				C21D686974E40C5520CEB7A7 /* Pods */,
				B997A23C12310FCA7BCE4617 /* Frameworks */,
			);
			sourceTree = "<group>";
		};
		E4DD9EE12116A2B60029301A /* Products */ = {
			isa = PBXGroup;
			children = (
				E4DD9EE02116A2B60029301A /* No Poop No Life.app */,
			);
			name = Products;
			sourceTree = "<group>";
		};
		E4DD9EE22116A2B60029301A /* No Poop No Life */ = {
			isa = PBXGroup;
			children = (
				E4DD9EE32116A2B60029301A /* AppDelegate.swift */,
				E4DD9EE52116A2B60029301A /* GameScene.sks */,
				E4DD9EE92116A2B60029301A /* GameScene.swift */,
				E4DD9EEB2116A2B60029301A /* GameViewController.swift */,
				E4DD9EED2116A2B60029301A /* Main.storyboard */,
				E4DD9EF02116A2B80029301A /* Assets.xcassets */,
				E44053152122997A0075E951 /* Sounds */,
				E4DD9EF22116A2B80029301A /* LaunchScreen.storyboard */,
				E4DD9EF52116A2B80029301A /* Info.plist */,
				E48DB94F2120F1E3008BA0B0 /* dpcomic.ttf */,
				E440530A212243F50075E951 /* Endgame.swift */,
			);
			path = "No Poop No Life";
			sourceTree = "<group>";
		};
/* End PBXGroup section */

/* Begin PBXNativeTarget section */
		E4DD9EDF2116A2B60029301A /* No Poop No Life */ = {
			isa = PBXNativeTarget;
			buildConfigurationList = E4DD9EF82116A2B80029301A /* Build configuration list for PBXNativeTarget "No Poop No Life" */;
			buildPhases = (
				0D635848C4C1B6F29C531CCD /* [CP] Check Pods Manifest.lock */,
				E4DD9EDC2116A2B60029301A /* Sources */,
				E4DD9EDD2116A2B60029301A /* Frameworks */,
				E4DD9EDE2116A2B60029301A /* Resources */,
			);
			buildRules = (
			);
			dependencies = (
			);
			name = "No Poop No Life";
			productName = "No Poop No Life";
			productReference = E4DD9EE02116A2B60029301A /* No Poop No Life.app */;
			productType = "com.apple.product-type.application";
		};
/* End PBXNativeTarget section */

/* Begin PBXProject section */
		E4DD9ED82116A2B60029301A /* Project object */ = {
			isa = PBXProject;
			attributes = {
				LastSwiftUpdateCheck = 0940;
				LastUpgradeCheck = 0940;
				ORGANIZATIONNAME = "wenlong qiu";
				TargetAttributes = {
					E4DD9EDF2116A2B60029301A = {
						CreatedOnToolsVersion = 9.4.1;
					};
				};
			};
			buildConfigurationList = E4DD9EDB2116A2B60029301A /* Build configuration list for PBXProject "No Poop No Life" */;
			compatibilityVersion = "Xcode 9.3";
			developmentRegion = en;
			hasScannedForEncodings = 0;
			knownRegions = (
				en,
				Base,
			);
			mainGroup = E4DD9ED72116A2B60029301A;
			productRefGroup = E4DD9EE12116A2B60029301A /* Products */;
			projectDirPath = "";
			projectRoot = "";
			targets = (
				E4DD9EDF2116A2B60029301A /* No Poop No Life */,
			);
		};
/* End PBXProject section */

/* Begin PBXResourcesBuildPhase section */
		E4DD9EDE2116A2B60029301A /* Resources */ = {
			isa = PBXResourcesBuildPhase;
			buildActionMask = 2147483647;
			files = (
				E440519D2131081200EA1957 /* biteSound.aiff in Resources */,
				E4DD9EEF2116A2B60029301A /* Main.storyboard in Resources */,
				E440531C2122AC710075E951 /* ding.wav in Resources */,
				E4DD9EE62116A2B60029301A /* GameScene.sks in Resources */,
				E440531B2122AC710075E951 /* diverSplash.mp3 in Resources */,
				E440519F2131094A00EA1957 /* biteSound2.wav in Resources */,
				E48DB9502120F1E3008BA0B0 /* dpcomic.ttf in Resources */,
				E4DD9EF12116A2B80029301A /* Assets.xcassets in Resources */,
				E4DD9EF42116A2B80029301A /* LaunchScreen.storyboard in Resources */,
				E440531D2122AC710075E951 /* buzz.wav in Resources */,
			);
			runOnlyForDeploymentPostprocessing = 0;
		};
/* End PBXResourcesBuildPhase section */

/* Begin PBXShellScriptBuildPhase section */
		0D635848C4C1B6F29C531CCD /* [CP] Check Pods Manifest.lock */ = {
			isa = PBXShellScriptBuildPhase;
			buildActionMask = 2147483647;
			files = (
			);
			inputPaths = (
				"${PODS_PODFILE_DIR_PATH}/Podfile.lock",
				"${PODS_ROOT}/Manifest.lock",
			);
			name = "[CP] Check Pods Manifest.lock";
			outputPaths = (
				"$(DERIVED_FILE_DIR)/Pods-No Poop No Life-checkManifestLockResult.txt",
			);
			runOnlyForDeploymentPostprocessing = 0;
			shellPath = /bin/sh;
			shellScript = "diff \"${PODS_PODFILE_DIR_PATH}/Podfile.lock\" \"${PODS_ROOT}/Manifest.lock\" > /dev/null\nif [ $? != 0 ] ; then\n    # print error to STDERR\n    echo \"error: The sandbox is not in sync with the Podfile.lock. Run 'pod install' or update your CocoaPods installation.\" >&2\n    exit 1\nfi\n# This output is used by Xcode 'outputs' to avoid re-running this script phase.\necho \"SUCCESS\" > \"${SCRIPT_OUTPUT_FILE_0}\"\n";
			showEnvVarsInLog = 0;
		};
/* End PBXShellScriptBuildPhase section */

/* Begin PBXSourcesBuildPhase section */
		E4DD9EDC2116A2B60029301A /* Sources */ = {
			isa = PBXSourcesBuildPhase;
			buildActionMask = 2147483647;
			files = (
				E4DD9EEA2116A2B60029301A /* GameScene.swift in Sources */,
				E440530B212243F50075E951 /* Endgame.swift in Sources */,
				E4DD9EEC2116A2B60029301A /* GameViewController.swift in Sources */,
				E4DD9EE42116A2B60029301A /* AppDelegate.swift in Sources */,
			);
			runOnlyForDeploymentPostprocessing = 0;
		};
/* End PBXSourcesBuildPhase section */

/* Begin PBXVariantGroup section */
		E4DD9EED2116A2B60029301A /* Main.storyboard */ = {
			isa = PBXVariantGroup;
			children = (
				E4DD9EEE2116A2B60029301A /* Base */,
			);
			name = Main.storyboard;
			sourceTree = "<group>";
		};
		E4DD9EF22116A2B80029301A /* LaunchScreen.storyboard */ = {
			isa = PBXVariantGroup;
			children = (
				E4DD9EF32116A2B80029301A /* Base */,
			);
			name = LaunchScreen.storyboard;
			sourceTree = "<group>";
		};
/* End PBXVariantGroup section */

/* Begin XCBuildConfiguration section */
		E4DD9EF62116A2B80029301A /* Debug */ = {
			isa = XCBuildConfiguration;
			buildSettings = {
				ALWAYS_SEARCH_USER_PATHS = NO;
				CLANG_ANALYZER_NONNULL = YES;
				CLANG_ANALYZER_NUMBER_OBJECT_CONVERSION = YES_AGGRESSIVE;
				CLANG_CXX_LANGUAGE_STANDARD = "gnu++14";
				CLANG_CXX_LIBRARY = "libc++";
				CLANG_ENABLE_MODULES = YES;
				CLANG_ENABLE_OBJC_ARC = YES;
				CLANG_ENABLE_OBJC_WEAK = YES;
				CLANG_WARN_BLOCK_CAPTURE_AUTORELEASING = YES;
				CLANG_WARN_BOOL_CONVERSION = YES;
				CLANG_WARN_COMMA = YES;
				CLANG_WARN_CONSTANT_CONVERSION = YES;
				CLANG_WARN_DEPRECATED_OBJC_IMPLEMENTATIONS = YES;
				CLANG_WARN_DIRECT_OBJC_ISA_USAGE = YES_ERROR;
				CLANG_WARN_DOCUMENTATION_COMMENTS = YES;
				CLANG_WARN_EMPTY_BODY = YES;
				CLANG_WARN_ENUM_CONVERSION = YES;
				CLANG_WARN_INFINITE_RECURSION = YES;
				CLANG_WARN_INT_CONVERSION = YES;
				CLANG_WARN_NON_LITERAL_NULL_CONVERSION = YES;
				CLANG_WARN_OBJC_IMPLICIT_RETAIN_SELF = YES;
				CLANG_WARN_OBJC_LITERAL_CONVERSION = YES;
				CLANG_WARN_OBJC_ROOT_CLASS = YES_ERROR;
				CLANG_WARN_RANGE_LOOP_ANALYSIS = YES;
				CLANG_WARN_STRICT_PROTOTYPES = YES;
				CLANG_WARN_SUSPICIOUS_MOVE = YES;
				CLANG_WARN_UNGUARDED_AVAILABILITY = YES_AGGRESSIVE;
				CLANG_WARN_UNREACHABLE_CODE = YES;
				CLANG_WARN__DUPLICATE_METHOD_MATCH = YES;
				CODE_SIGN_IDENTITY = "iPhone Developer";
				COPY_PHASE_STRIP = NO;
				DEBUG_INFORMATION_FORMAT = dwarf;
				ENABLE_STRICT_OBJC_MSGSEND = YES;
				ENABLE_TESTABILITY = YES;
				GCC_C_LANGUAGE_STANDARD = gnu11;
				GCC_DYNAMIC_NO_PIC = NO;
				GCC_NO_COMMON_BLOCKS = YES;
				GCC_OPTIMIZATION_LEVEL = 0;
				GCC_PREPROCESSOR_DEFINITIONS = (
					"DEBUG=1",
					"$(inherited)",
				);
				GCC_WARN_64_TO_32_BIT_CONVERSION = YES;
				GCC_WARN_ABOUT_RETURN_TYPE = YES_ERROR;
				GCC_WARN_UNDECLARED_SELECTOR = YES;
				GCC_WARN_UNINITIALIZED_AUTOS = YES_AGGRESSIVE;
				GCC_WARN_UNUSED_FUNCTION = YES;
				GCC_WARN_UNUSED_VARIABLE = YES;
				IPHONEOS_DEPLOYMENT_TARGET = 11.4;
				MTL_ENABLE_DEBUG_INFO = YES;
				ONLY_ACTIVE_ARCH = YES;
				SDKROOT = iphoneos;
				SWIFT_ACTIVE_COMPILATION_CONDITIONS = DEBUG;
				SWIFT_OPTIMIZATION_LEVEL = "-Onone";
			};
			name = Debug;
		};
		E4DD9EF72116A2B80029301A /* Release */ = {
			isa = XCBuildConfiguration;
			buildSettings = {
				ALWAYS_SEARCH_USER_PATHS = NO;
				CLANG_ANALYZER_NONNULL = YES;
				CLANG_ANALYZER_NUMBER_OBJECT_CONVERSION = YES_AGGRESSIVE;
				CLANG_CXX_LANGUAGE_STANDARD = "gnu++14";
				CLANG_CXX_LIBRARY = "libc++";
				CLANG_ENABLE_MODULES = YES;
				CLANG_ENABLE_OBJC_ARC = YES;
				CLANG_ENABLE_OBJC_WEAK = YES;
				CLANG_WARN_BLOCK_CAPTURE_AUTORELEASING = YES;
				CLANG_WARN_BOOL_CONVERSION = YES;
				CLANG_WARN_COMMA = YES;
				CLANG_WARN_CONSTANT_CONVERSION = YES;
				CLANG_WARN_DEPRECATED_OBJC_IMPLEMENTATIONS = YES;
				CLANG_WARN_DIRECT_OBJC_ISA_USAGE = YES_ERROR;
				CLANG_WARN_DOCUMENTATION_COMMENTS = YES;
				CLANG_WARN_EMPTY_BODY = YES;
				CLANG_WARN_ENUM_CONVERSION = YES;
				CLANG_WARN_INFINITE_RECURSION = YES;
				CLANG_WARN_INT_CONVERSION = YES;
				CLANG_WARN_NON_LITERAL_NULL_CONVERSION = YES;
				CLANG_WARN_OBJC_IMPLICIT_RETAIN_SELF = YES;
				CLANG_WARN_OBJC_LITERAL_CONVERSION = YES;
				CLANG_WARN_OBJC_ROOT_CLASS = YES_ERROR;
				CLANG_WARN_RANGE_LOOP_ANALYSIS = YES;
				CLANG_WARN_STRICT_PROTOTYPES = YES;
				CLANG_WARN_SUSPICIOUS_MOVE = YES;
				CLANG_WARN_UNGUARDED_AVAILABILITY = YES_AGGRESSIVE;
				CLANG_WARN_UNREACHABLE_CODE = YES;
				CLANG_WARN__DUPLICATE_METHOD_MATCH = YES;
				CODE_SIGN_IDENTITY = "iPhone Developer";
				COPY_PHASE_STRIP = NO;
				DEBUG_INFORMATION_FORMAT = "dwarf-with-dsym";
				ENABLE_NS_ASSERTIONS = NO;
				ENABLE_STRICT_OBJC_MSGSEND = YES;
				GCC_C_LANGUAGE_STANDARD = gnu11;
				GCC_NO_COMMON_BLOCKS = YES;
				GCC_WARN_64_TO_32_BIT_CONVERSION = YES;
				GCC_WARN_ABOUT_RETURN_TYPE = YES_ERROR;
				GCC_WARN_UNDECLARED_SELECTOR = YES;
				GCC_WARN_UNINITIALIZED_AUTOS = YES_AGGRESSIVE;
				GCC_WARN_UNUSED_FUNCTION = YES;
				GCC_WARN_UNUSED_VARIABLE = YES;
				IPHONEOS_DEPLOYMENT_TARGET = 11.4;
				MTL_ENABLE_DEBUG_INFO = NO;
				SDKROOT = iphoneos;
				SWIFT_COMPILATION_MODE = wholemodule;
				SWIFT_OPTIMIZATION_LEVEL = "-O";
				VALIDATE_PRODUCT = YES;
			};
			name = Release;
		};
		E4DD9EF92116A2B80029301A /* Debug */ = {
			isa = XCBuildConfiguration;
			baseConfigurationReference = CF4BC2464F2953F3AFBDD57F /* Pods-No Poop No Life.debug.xcconfig */;
			buildSettings = {
				ASSETCATALOG_COMPILER_APPICON_NAME = AppIcon;
				CODE_SIGN_STYLE = Automatic;
				DEVELOPMENT_TEAM = 783VTM2647;
				INFOPLIST_FILE = "No Poop No Life/Info.plist";
				LD_RUNPATH_SEARCH_PATHS = (
					"$(inherited)",
					"@executable_path/Frameworks",
				);
				PRODUCT_BUNDLE_IDENTIFIER = "com.damonqiu26.No-Poop-No-Lif";
				PRODUCT_NAME = "$(TARGET_NAME)";
				SWIFT_VERSION = 4.0;
				TARGETED_DEVICE_FAMILY = "1,2";
			};
			name = Debug;
		};
		E4DD9EFA2116A2B80029301A /* Release */ = {
			isa = XCBuildConfiguration;
			baseConfigurationReference = C35C0711E33C4E2EAC28D6E8 /* Pods-No Poop No Life.release.xcconfig */;
			buildSettings = {
				ASSETCATALOG_COMPILER_APPICON_NAME = AppIcon;
				CODE_SIGN_STYLE = Automatic;
				DEVELOPMENT_TEAM = 783VTM2647;
				INFOPLIST_FILE = "No Poop No Life/Info.plist";
				LD_RUNPATH_SEARCH_PATHS = (
					"$(inherited)",
					"@executable_path/Frameworks",
				);
				PRODUCT_BUNDLE_IDENTIFIER = "com.damonqiu26.No-Poop-No-Lif";
				PRODUCT_NAME = "$(TARGET_NAME)";
				SWIFT_VERSION = 4.0;
				TARGETED_DEVICE_FAMILY = "1,2";
			};
			name = Release;
		};
/* End XCBuildConfiguration section */

/* Begin XCConfigurationList section */
		E4DD9EDB2116A2B60029301A /* Build configuration list for PBXProject "No Poop No Life" */ = {
			isa = XCConfigurationList;
			buildConfigurations = (
				E4DD9EF62116A2B80029301A /* Debug */,
				E4DD9EF72116A2B80029301A /* Release */,
			);
			defaultConfigurationIsVisible = 0;
			defaultConfigurationName = Release;
		};
		E4DD9EF82116A2B80029301A /* Build configuration list for PBXNativeTarget "No Poop No Life" */ = {
			isa = XCConfigurationList;
			buildConfigurations = (
				E4DD9EF92116A2B80029301A /* Debug */,
				E4DD9EFA2116A2B80029301A /* Release */,
			);
			defaultConfigurationIsVisible = 0;
			defaultConfigurationName = Release;
		};
/* End XCConfigurationList section */
	};
	rootObject = E4DD9ED82116A2B60029301A /* Project object */;
}
